
Microsoft Visual Studio Solution File, Format Version 12.00
# Visual Studio 14
VisualStudioVersion = 14.0.25123.0
MinimumVisualStudioVersion = 10.0.40219.1
Project("{FAE04EC0-301F-11D3-BF4B-00C04F79EFBC}") = "ExampleApp", "WebApplication2\ExampleApp.csproj", "{BE6D2D6B-DFED-4A9C-8299-DFA16A37BF24}"
EndProject
Project("{FAE04EC0-301F-11D3-BF4B-00C04F79EFBC}") = "STS", "WebApplication3\STS.csproj", "{3FAB97AB-B904-402D-BBEA-A663B88F06BE}"
EndProject
Global
	GlobalSection(SolutionConfigurationPlatforms) = preSolution
		Debug|Any CPU = Debug|Any CPU
		Release|Any CPU = Release|Any CPU
	EndGlobalSection
	GlobalSection(ProjectConfigurationPlatforms) = postSolution
		{BE6D2D6B-DFED-4A9C-8299-DFA16A37BF24}.Debug|Any CPU.ActiveCfg = Debug|Any CPU
		{BE6D2D6B-DFED-4A9C-8299-DFA16A37BF24}.Debug|Any CPU.Build.0 = Debug|Any CPU
		{BE6D2D6B-DFED-4A9C-8299-DFA16A37BF24}.Release|Any CPU.ActiveCfg = Release|Any CPU
		{BE6D2D6B-DFED-4A9C-8299-DFA16A37BF24}.Release|Any CPU.Build.0 = Release|Any CPU
		{3FAB97AB-B904-402D-BBEA-A663B88F06BE}.Debug|Any CPU.ActiveCfg = Debug|Any CPU
		{3FAB97AB-B904-402D-BBEA-A663B88F06BE}.Debug|Any CPU.Build.0 = Debug|Any CPU
		{3FAB97AB-B904-402D-BBEA-A663B88F06BE}.Release|Any CPU.ActiveCfg = Release|Any CPU
		{3FAB97AB-B904-402D-BBEA-A663B88F06BE}.Release|Any CPU.Build.0 = Release|Any CPU
	EndGlobalSection
	GlobalSection(SolutionProperties) = preSolution
		HideSolutionNode = FALSE
	EndGlobalSection
EndGlobal
